
Microsoft Visual Studio Solution File, Format Version 12.00
# Visual Studio Version 17
VisualStudioVersion = 17.3.32901.215
MinimumVisualStudioVersion = 10.0.40219.1
Project("{FAE04EC0-301F-11D3-BF4B-00C04F79EFBC}") = "giaodiendoan", "giaodiendoan\giaodiendoan.csproj", "{F5738488-073B-4866-945B-D4A1FBBB7172}"
EndProject
Global
	GlobalSection(SolutionConfigurationPlatforms) = preSolution
		Debug|Any CPU = Debug|Any CPU
		Release|Any CPU = Release|Any CPU
	EndGlobalSection
	GlobalSection(ProjectConfigurationPlatforms) = postSolution
		{F5738488-073B-4866-945B-D4A1FBBB7172}.Debug|Any CPU.ActiveCfg = Debug|Any CPU
		{F5738488-073B-4866-945B-D4A1FBBB7172}.Debug|Any CPU.Build.0 = Debug|Any CPU
		{F5738488-073B-4866-945B-D4A1FBBB7172}.Release|Any CPU.ActiveCfg = Release|Any CPU
		{F5738488-073B-4866-945B-D4A1FBBB7172}.Release|Any CPU.Build.0 = Release|Any CPU
	EndGlobalSection
	GlobalSection(SolutionProperties) = preSolution
		HideSolutionNode = FALSE
	EndGlobalSection
	GlobalSection(ExtensibilityGlobals) = postSolution
		SolutionGuid = {AA5A8FFB-0DC8-4F32-89E7-8120351F6A29}
	EndGlobalSection
EndGlobal
